
Microsoft Visual Studio Solution File, Format Version 12.00
# Visual Studio 15
VisualStudioVersion = 15.0.28307.329
MinimumVisualStudioVersion = 10.0.40219.1
Project("{9A19103F-16F7-4668-BE54-9A1E7A4F7556}") = "Modelized", "Modelized\Modelized.csproj", "{174DDCAD-8912-427C-A82D-8A7A7A0A2E81}"
EndProject
Project("{9A19103F-16F7-4668-BE54-9A1E7A4F7556}") = "Modelized.Server", "Modelized.Server\Modelized.Server.csproj", "{DA1FA53E-2F4A-4EEF-BF52-4E9378BA6508}"
EndProject
Project("{9A19103F-16F7-4668-BE54-9A1E7A4F7556}") = "Modelized.Client", "Modelized.Client\Modelized.Client.csproj", "{6B88271A-22C1-4D9D-8903-4630C5D2B23F}"
EndProject
Project("{2150E333-8FDC-42A3-9474-1A3956D46DE8}") = "Solution Items", "Solution Items", "{26DEF8D6-AFC7-4154-8A65-62F02A1D94B8}"
	ProjectSection(SolutionItems) = preProject
		.editorconfig = .editorconfig
		.gitignore = .gitignore
		appveyor.yml = appveyor.yml
	EndProjectSection
EndProject
Project("{9A19103F-16F7-4668-BE54-9A1E7A4F7556}") = "Modelized.Server.Tests", "Modelized.Server.Tests\Modelized.Server.Tests.csproj", "{6761A1B1-8F82-47D9-83F7-94B8252E5921}"
EndProject
Global
	GlobalSection(SolutionConfigurationPlatforms) = preSolution
		Debug|Any CPU = Debug|Any CPU
		Release|Any CPU = Release|Any CPU
	EndGlobalSection
	GlobalSection(ProjectConfigurationPlatforms) = postSolution
		{174DDCAD-8912-427C-A82D-8A7A7A0A2E81}.Debug|Any CPU.ActiveCfg = Debug|Any CPU
		{174DDCAD-8912-427C-A82D-8A7A7A0A2E81}.Debug|Any CPU.Build.0 = Debug|Any CPU
		{174DDCAD-8912-427C-A82D-8A7A7A0A2E81}.Release|Any CPU.ActiveCfg = Release|Any CPU
		{174DDCAD-8912-427C-A82D-8A7A7A0A2E81}.Release|Any CPU.Build.0 = Release|Any CPU
		{DA1FA53E-2F4A-4EEF-BF52-4E9378BA6508}.Debug|Any CPU.ActiveCfg = Debug|Any CPU
		{DA1FA53E-2F4A-4EEF-BF52-4E9378BA6508}.Debug|Any CPU.Build.0 = Debug|Any CPU
		{DA1FA53E-2F4A-4EEF-BF52-4E9378BA6508}.Release|Any CPU.ActiveCfg = Release|Any CPU
		{DA1FA53E-2F4A-4EEF-BF52-4E9378BA6508}.Release|Any CPU.Build.0 = Release|Any CPU
		{6B88271A-22C1-4D9D-8903-4630C5D2B23F}.Debug|Any CPU.ActiveCfg = Debug|Any CPU
		{6B88271A-22C1-4D9D-8903-4630C5D2B23F}.Debug|Any CPU.Build.0 = Debug|Any CPU
		{6B88271A-22C1-4D9D-8903-4630C5D2B23F}.Release|Any CPU.ActiveCfg = Release|Any CPU
		{6B88271A-22C1-4D9D-8903-4630C5D2B23F}.Release|Any CPU.Build.0 = Release|Any CPU
		{6761A1B1-8F82-47D9-83F7-94B8252E5921}.Debug|Any CPU.ActiveCfg = Debug|Any CPU
		{6761A1B1-8F82-47D9-83F7-94B8252E5921}.Debug|Any CPU.Build.0 = Debug|Any CPU
		{6761A1B1-8F82-47D9-83F7-94B8252E5921}.Release|Any CPU.ActiveCfg = Release|Any CPU
		{6761A1B1-8F82-47D9-83F7-94B8252E5921}.Release|Any CPU.Build.0 = Release|Any CPU
	EndGlobalSection
	GlobalSection(SolutionProperties) = preSolution
		HideSolutionNode = FALSE
	EndGlobalSection
	GlobalSection(ExtensibilityGlobals) = postSolution
		SolutionGuid = {049BF37D-2122-4942-8D75-F0B1AD4D28E7}
	EndGlobalSection
EndGlobal
